
Microsoft Visual Studio Solution File, Format Version 12.00
# Visual Studio Version 16
VisualStudioVersion = 16.0.32602.291
MinimumVisualStudioVersion = 10.0.40219.1
Project("{FAE04EC0-301F-11D3-BF4B-00C04F79EFBC}") = "Vacation_Planning", "Vacation_Planning\Vacation_Planning.csproj", "{A94E4EC0-F91E-4922-A915-480B22ABA4E5}"
EndProject
Global
	GlobalSection(SolutionConfigurationPlatforms) = preSolution
		Debug|Any CPU = Debug|Any CPU
		Release|Any CPU = Release|Any CPU
	EndGlobalSection
	GlobalSection(ProjectConfigurationPlatforms) = postSolution
		{A94E4EC0-F91E-4922-A915-480B22ABA4E5}.Debug|Any CPU.ActiveCfg = Debug|Any CPU
		{A94E4EC0-F91E-4922-A915-480B22ABA4E5}.Debug|Any CPU.Build.0 = Debug|Any CPU
		{A94E4EC0-F91E-4922-A915-480B22ABA4E5}.Release|Any CPU.ActiveCfg = Release|Any CPU
		{A94E4EC0-F91E-4922-A915-480B22ABA4E5}.Release|Any CPU.Build.0 = Release|Any CPU
	EndGlobalSection
	GlobalSection(SolutionProperties) = preSolution
		HideSolutionNode = FALSE
	EndGlobalSection
	GlobalSection(ExtensibilityGlobals) = postSolution
		SolutionGuid = {3666BBAE-4A05-4001-989D-19926C3F995B}
	EndGlobalSection
EndGlobal
